
Microsoft Visual Studio Solution File, Format Version 12.00
# Visual Studio 15
VisualStudioVersion = 15.0.28307.136
MinimumVisualStudioVersion = 10.0.40219.1
Project("{FAE04EC0-301F-11D3-BF4B-00C04F79EFBC}") = "kOS-Career", "kOS-Career\kOS-Career.csproj", "{FB990819-5408-4748-BEB5-D425FAF9378A}"
EndProject
Project("{2150E333-8FDC-42A3-9474-1A3956D46DE8}") = "Solution Items", "Solution Items", "{47EBA339-41F0-4F47-8049-44D46796905B}"
	ProjectSection(SolutionItems) = preProject
		todo.txt = todo.txt
	EndProjectSection
EndProject
Global
	GlobalSection(SolutionConfigurationPlatforms) = preSolution
		Debug|Any CPU = Debug|Any CPU
		Release|Any CPU = Release|Any CPU
	EndGlobalSection
	GlobalSection(ProjectConfigurationPlatforms) = postSolution
		{FB990819-5408-4748-BEB5-D425FAF9378A}.Debug|Any CPU.ActiveCfg = Debug|Any CPU
		{FB990819-5408-4748-BEB5-D425FAF9378A}.Debug|Any CPU.Build.0 = Debug|Any CPU
		{FB990819-5408-4748-BEB5-D425FAF9378A}.Release|Any CPU.ActiveCfg = Release|Any CPU
		{FB990819-5408-4748-BEB5-D425FAF9378A}.Release|Any CPU.Build.0 = Release|Any CPU
	EndGlobalSection
	GlobalSection(SolutionProperties) = preSolution
		HideSolutionNode = FALSE
	EndGlobalSection
	GlobalSection(ExtensibilityGlobals) = postSolution
		SolutionGuid = {937A0383-2490-4DFD-900D-08F5C474213A}
	EndGlobalSection
EndGlobal
